
Microsoft Visual Studio Solution File, Format Version 12.00
# Visual Studio 2013
VisualStudioVersion = 12.0.40629.0
MinimumVisualStudioVersion = 10.0.40219.1
Project("{FAE04EC0-301F-11D3-BF4B-00C04F79EFBC}") = "MvcBase", "MvcBase\MvcBase.csproj", "{372DB06B-B391-4161-9A7E-35F0B8A385E5}"
EndProject
Project("{FAE04EC0-301F-11D3-BF4B-00C04F79EFBC}") = "BaseDAL", "BaseDAL\BaseDAL.csproj", "{0133138A-EB6B-498C-B4A0-542DD648B0C0}"
EndProject
Project("{FAE04EC0-301F-11D3-BF4B-00C04F79EFBC}") = "BaseBLL", "BaseBLL\BaseBLL.csproj", "{D3603243-B717-4663-97FD-150773640A24}"
EndProject
Project("{FAE04EC0-301F-11D3-BF4B-00C04F79EFBC}") = "BaseIDAL", "BaseIDAL\BaseIDAL.csproj", "{F7B8C2AC-A7AA-4402-B4A1-62FE94043F7A}"
EndProject
Project("{FAE04EC0-301F-11D3-BF4B-00C04F79EFBC}") = "BaseIBLL", "BaseIBLL\BaseIBLL.csproj", "{7059C0D6-912C-4AC9-8604-80BA4C2F9343}"
EndProject
Project("{2150E333-8FDC-42A3-9474-1A3956D46DE8}") = "01_Ui", "01_Ui", "{81A8840D-22BA-425F-ADE1-18644A3823E7}"
EndProject
Project("{2150E333-8FDC-42A3-9474-1A3956D46DE8}") = "02_Bll", "02_Bll", "{B35820EE-818E-49CE-95DD-EE8C69E88DF4}"
EndProject
Project("{2150E333-8FDC-42A3-9474-1A3956D46DE8}") = "03_DAL", "03_DAL", "{091CB4EA-C6B9-4F25-8089-ABD831EB3195}"
EndProject
Project("{FAE04EC0-301F-11D3-BF4B-00C04F79EFBC}") = "BaseCommon", "BaseCommon\BaseCommon.csproj", "{0B4B1688-EFDD-44B3-BAC6-900F243B93E0}"
EndProject
Project("{FAE04EC0-301F-11D3-BF4B-00C04F79EFBC}") = "BaseModel", "BaseModel\BaseModel.csproj", "{FAF38CBB-B251-4DB4-A23E-665DDBEC1935}"
EndProject
Project("{FAE04EC0-301F-11D3-BF4B-00C04F79EFBC}") = "FpUtility", "FpUtility\FpUtility.csproj", "{8F8A2679-A4E7-4F84-8306-74C7BC8CD24C}"
EndProject
Project("{FAE04EC0-301F-11D3-BF4B-00C04F79EFBC}") = "Fp_Part", "Fp_Part\Fp_Part.csproj", "{7E2CFEB2-3B5B-49ED-84DF-814790860504}"
EndProject
Project("{2150E333-8FDC-42A3-9474-1A3956D46DE8}") = "04_Common", "04_Common", "{B2F27653-FEBC-4D3C-A25F-ABA9C0CBE040}"
EndProject
Project("{2150E333-8FDC-42A3-9474-1A3956D46DE8}") = "05_Model", "05_Model", "{9C1BF4CC-096D-4302-9D8E-B15D3C72CB44}"
EndProject
Global
	GlobalSection(SolutionConfigurationPlatforms) = preSolution
		Debug|Any CPU = Debug|Any CPU
		Release|Any CPU = Release|Any CPU
	EndGlobalSection
	GlobalSection(ProjectConfigurationPlatforms) = postSolution
		{372DB06B-B391-4161-9A7E-35F0B8A385E5}.Debug|Any CPU.ActiveCfg = Debug|Any CPU
		{372DB06B-B391-4161-9A7E-35F0B8A385E5}.Debug|Any CPU.Build.0 = Debug|Any CPU
		{372DB06B-B391-4161-9A7E-35F0B8A385E5}.Release|Any CPU.ActiveCfg = Release|Any CPU
		{372DB06B-B391-4161-9A7E-35F0B8A385E5}.Release|Any CPU.Build.0 = Release|Any CPU
		{0133138A-EB6B-498C-B4A0-542DD648B0C0}.Debug|Any CPU.ActiveCfg = Debug|Any CPU
		{0133138A-EB6B-498C-B4A0-542DD648B0C0}.Debug|Any CPU.Build.0 = Debug|Any CPU
		{0133138A-EB6B-498C-B4A0-542DD648B0C0}.Release|Any CPU.ActiveCfg = Release|Any CPU
		{0133138A-EB6B-498C-B4A0-542DD648B0C0}.Release|Any CPU.Build.0 = Release|Any CPU
		{D3603243-B717-4663-97FD-150773640A24}.Debug|Any CPU.ActiveCfg = Debug|Any CPU
		{D3603243-B717-4663-97FD-150773640A24}.Debug|Any CPU.Build.0 = Debug|Any CPU
		{D3603243-B717-4663-97FD-150773640A24}.Release|Any CPU.ActiveCfg = Release|Any CPU
		{D3603243-B717-4663-97FD-150773640A24}.Release|Any CPU.Build.0 = Release|Any CPU
		{F7B8C2AC-A7AA-4402-B4A1-62FE94043F7A}.Debug|Any CPU.ActiveCfg = Debug|Any CPU
		{F7B8C2AC-A7AA-4402-B4A1-62FE94043F7A}.Debug|Any CPU.Build.0 = Debug|Any CPU
		{F7B8C2AC-A7AA-4402-B4A1-62FE94043F7A}.Release|Any CPU.ActiveCfg = Release|Any CPU
		{F7B8C2AC-A7AA-4402-B4A1-62FE94043F7A}.Release|Any CPU.Build.0 = Release|Any CPU
		{7059C0D6-912C-4AC9-8604-80BA4C2F9343}.Debug|Any CPU.ActiveCfg = Debug|Any CPU
		{7059C0D6-912C-4AC9-8604-80BA4C2F9343}.Debug|Any CPU.Build.0 = Debug|Any CPU
		{7059C0D6-912C-4AC9-8604-80BA4C2F9343}.Release|Any CPU.ActiveCfg = Release|Any CPU
		{7059C0D6-912C-4AC9-8604-80BA4C2F9343}.Release|Any CPU.Build.0 = Release|Any CPU
		{0B4B1688-EFDD-44B3-BAC6-900F243B93E0}.Debug|Any CPU.ActiveCfg = Debug|Any CPU
		{0B4B1688-EFDD-44B3-BAC6-900F243B93E0}.Debug|Any CPU.Build.0 = Debug|Any CPU
		{0B4B1688-EFDD-44B3-BAC6-900F243B93E0}.Release|Any CPU.ActiveCfg = Release|Any CPU
		{0B4B1688-EFDD-44B3-BAC6-900F243B93E0}.Release|Any CPU.Build.0 = Release|Any CPU
		{FAF38CBB-B251-4DB4-A23E-665DDBEC1935}.Debug|Any CPU.ActiveCfg = Debug|Any CPU
		{FAF38CBB-B251-4DB4-A23E-665DDBEC1935}.Debug|Any CPU.Build.0 = Debug|Any CPU
		{FAF38CBB-B251-4DB4-A23E-665DDBEC1935}.Release|Any CPU.ActiveCfg = Release|Any CPU
		{FAF38CBB-B251-4DB4-A23E-665DDBEC1935}.Release|Any CPU.Build.0 = Release|Any CPU
		{8F8A2679-A4E7-4F84-8306-74C7BC8CD24C}.Debug|Any CPU.ActiveCfg = Debug|Any CPU
		{8F8A2679-A4E7-4F84-8306-74C7BC8CD24C}.Debug|Any CPU.Build.0 = Debug|Any CPU
		{8F8A2679-A4E7-4F84-8306-74C7BC8CD24C}.Release|Any CPU.ActiveCfg = Release|Any CPU
		{8F8A2679-A4E7-4F84-8306-74C7BC8CD24C}.Release|Any CPU.Build.0 = Release|Any CPU
		{7E2CFEB2-3B5B-49ED-84DF-814790860504}.Debug|Any CPU.ActiveCfg = Debug|Any CPU
		{7E2CFEB2-3B5B-49ED-84DF-814790860504}.Debug|Any CPU.Build.0 = Debug|Any CPU
		{7E2CFEB2-3B5B-49ED-84DF-814790860504}.Release|Any CPU.ActiveCfg = Release|Any CPU
		{7E2CFEB2-3B5B-49ED-84DF-814790860504}.Release|Any CPU.Build.0 = Release|Any CPU
	EndGlobalSection
	GlobalSection(SolutionProperties) = preSolution
		HideSolutionNode = FALSE
	EndGlobalSection
	GlobalSection(NestedProjects) = preSolution
		{0133138A-EB6B-498C-B4A0-542DD648B0C0} = {091CB4EA-C6B9-4F25-8089-ABD831EB3195}
		{D3603243-B717-4663-97FD-150773640A24} = {B35820EE-818E-49CE-95DD-EE8C69E88DF4}
		{F7B8C2AC-A7AA-4402-B4A1-62FE94043F7A} = {091CB4EA-C6B9-4F25-8089-ABD831EB3195}
		{7059C0D6-912C-4AC9-8604-80BA4C2F9343} = {B35820EE-818E-49CE-95DD-EE8C69E88DF4}
		{0B4B1688-EFDD-44B3-BAC6-900F243B93E0} = {B2F27653-FEBC-4D3C-A25F-ABA9C0CBE040}
		{FAF38CBB-B251-4DB4-A23E-665DDBEC1935} = {9C1BF4CC-096D-4302-9D8E-B15D3C72CB44}
	EndGlobalSection
EndGlobal
